// !$*UTF8*$!
{
	archiveVersion = 1;
	classes = {
	};
	objectVersion = 50;
	objects = {

/* Begin PBXBuildFile section */
		1D18CBFA24C8C3A800D9B65D /* SettingsViewController.swift in Sources */ = {isa = PBXBuildFile; fileRef = 1D18CBF924C8C3A800D9B65D /* SettingsViewController.swift */; };
		1D23334624C8D4E6008F1241 /* PlayerViewController.swift in Sources */ = {isa = PBXBuildFile; fileRef = 1D23334524C8D4E6008F1241 /* PlayerViewController.swift */; };
		1D23334824C8EBD4008F1241 /* The xx - Intro.mp3 in Resources */ = {isa = PBXBuildFile; fileRef = 1D23334724C8EBD4008F1241 /* The xx - Intro.mp3 */; };
		1D32254024C9F3A100AE0F8E /* pauseButtonImage.png in Resources */ = {isa = PBXBuildFile; fileRef = 1D32253E24C9F3A100AE0F8E /* pauseButtonImage.png */; };
		1D32254124C9F3A100AE0F8E /* playButtonImage.png in Resources */ = {isa = PBXBuildFile; fileRef = 1D32253F24C9F3A100AE0F8E /* playButtonImage.png */; };
		1D32254324C9F42E00AE0F8E /* infoButtonImage.png in Resources */ = {isa = PBXBuildFile; fileRef = 1D32254224C9F42E00AE0F8E /* infoButtonImage.png */; };
		1D609AA724C8BC8F00194118 /* AppDelegate.swift in Sources */ = {isa = PBXBuildFile; fileRef = 1D609AA624C8BC8F00194118 /* AppDelegate.swift */; };
		1D609AAB24C8BC9000194118 /* MainViewController.swift in Sources */ = {isa = PBXBuildFile; fileRef = 1D609AAA24C8BC9000194118 /* MainViewController.swift */; };
		1D609AB024C8BC9100194118 /* Assets.xcassets in Resources */ = {isa = PBXBuildFile; fileRef = 1D609AAF24C8BC9100194118 /* Assets.xcassets */; };
		1D609AB324C8BC9100194118 /* LaunchScreen.storyboard in Resources */ = {isa = PBXBuildFile; fileRef = 1D609AB124C8BC9100194118 /* LaunchScreen.storyboard */; };
/* End PBXBuildFile section */

/* Begin PBXFileReference section */
		1D18CBF924C8C3A800D9B65D /* SettingsViewController.swift */ = {isa = PBXFileReference; lastKnownFileType = sourcecode.swift; path = SettingsViewController.swift; sourceTree = "<group>"; };
		1D23334524C8D4E6008F1241 /* PlayerViewController.swift */ = {isa = PBXFileReference; lastKnownFileType = sourcecode.swift; path = PlayerViewController.swift; sourceTree = "<group>"; };
		1D23334724C8EBD4008F1241 /* The xx - Intro.mp3 */ = {isa = PBXFileReference; lastKnownFileType = audio.mp3; path = "The xx - Intro.mp3"; sourceTree = "<group>"; };
		1D32253E24C9F3A100AE0F8E /* pauseButtonImage.png */ = {isa = PBXFileReference; lastKnownFileType = image.png; path = pauseButtonImage.png; sourceTree = "<group>"; };
		1D32253F24C9F3A100AE0F8E /* playButtonImage.png */ = {isa = PBXFileReference; lastKnownFileType = image.png; path = playButtonImage.png; sourceTree = "<group>"; };
		1D32254224C9F42E00AE0F8E /* infoButtonImage.png */ = {isa = PBXFileReference; lastKnownFileType = image.png; path = infoButtonImage.png; sourceTree = "<group>"; };
		1D609AA324C8BC8F00194118 /* UISlider.app */ = {isa = PBXFileReference; explicitFileType = wrapper.application; includeInIndex = 0; path = UISlider.app; sourceTree = BUILT_PRODUCTS_DIR; };
		1D609AA624C8BC8F00194118 /* AppDelegate.swift */ = {isa = PBXFileReference; lastKnownFileType = sourcecode.swift; path = AppDelegate.swift; sourceTree = "<group>"; };
		1D609AAA24C8BC9000194118 /* MainViewController.swift */ = {isa = PBXFileReference; lastKnownFileType = sourcecode.swift; path = MainViewController.swift; sourceTree = "<group>"; };
		1D609AAF24C8BC9100194118 /* Assets.xcassets */ = {isa = PBXFileReference; lastKnownFileType = folder.assetcatalog; path = Assets.xcassets; sourceTree = "<group>"; };
		1D609AB224C8BC9100194118 /* Base */ = {isa = PBXFileReference; lastKnownFileType = file.storyboard; name = Base; path = Base.lproj/LaunchScreen.storyboard; sourceTree = "<group>"; };
		1D609AB424C8BC9100194118 /* Info.plist */ = {isa = PBXFileReference; lastKnownFileType = text.plist.xml; path = Info.plist; sourceTree = "<group>"; };
/* End PBXFileReference section */

/* Begin PBXFrameworksBuildPhase section */
		1D609AA024C8BC8F00194118 /* Frameworks */ = {
			isa = PBXFrameworksBuildPhase;
			buildActionMask = 2147483647;
			files = (
			);
			runOnlyForDeploymentPostprocessing = 0;
		};
/* End PBXFrameworksBuildPhase section */

/* Begin PBXGroup section */
		1D609A9A24C8BC8F00194118 = {
			isa = PBXGroup;
			children = (
				1D609AA524C8BC8F00194118 /* UISlider */,
				1D609AA424C8BC8F00194118 /* Products */,
			);
			sourceTree = "<group>";
		};
		1D609AA424C8BC8F00194118 /* Products */ = {
			isa = PBXGroup;
			children = (
				1D609AA324C8BC8F00194118 /* UISlider.app */,
			);
			name = Products;
			sourceTree = "<group>";
		};
		1D609AA524C8BC8F00194118 /* UISlider */ = {
			isa = PBXGroup;
			children = (
				1D609AA624C8BC8F00194118 /* AppDelegate.swift */,
				1D609AAA24C8BC9000194118 /* MainViewController.swift */,
				1D18CBF924C8C3A800D9B65D /* SettingsViewController.swift */,
				1D23334524C8D4E6008F1241 /* PlayerViewController.swift */,
				1D32253E24C9F3A100AE0F8E /* pauseButtonImage.png */,
				1D32253F24C9F3A100AE0F8E /* playButtonImage.png */,
				1D32254224C9F42E00AE0F8E /* infoButtonImage.png */,
				1D23334724C8EBD4008F1241 /* The xx - Intro.mp3 */,
				1D609AAF24C8BC9100194118 /* Assets.xcassets */,
				1D609AB124C8BC9100194118 /* LaunchScreen.storyboard */,
				1D609AB424C8BC9100194118 /* Info.plist */,
			);
			path = UISlider;
			sourceTree = "<group>";
		};
/* End PBXGroup section */

/* Begin PBXNativeTarget section */
		1D609AA224C8BC8F00194118 /* UISlider */ = {
			isa = PBXNativeTarget;
			buildConfigurationList = 1D609AB724C8BC9100194118 /* Build configuration list for PBXNativeTarget "UISlider" */;
			buildPhases = (
				1D609A9F24C8BC8F00194118 /* Sources */,
				1D609AA024C8BC8F00194118 /* Frameworks */,
				1D609AA124C8BC8F00194118 /* Resources */,
			);
			buildRules = (
			);
			dependencies = (
			);
			name = UISlider;
			productName = UISlider;
			productReference = 1D609AA324C8BC8F00194118 /* UISlider.app */;
			productType = "com.apple.product-type.application";
		};
/* End PBXNativeTarget section */

/* Begin PBXProject section */
		1D609A9B24C8BC8F00194118 /* Project object */ = {
			isa = PBXProject;
			attributes = {
				LastSwiftUpdateCheck = 1140;
				LastUpgradeCheck = 1140;
				ORGANIZATIONNAME = SmithCo.;
				TargetAttributes = {
					1D609AA224C8BC8F00194118 = {
						CreatedOnToolsVersion = 11.4.1;
					};
				};
			};
			buildConfigurationList = 1D609A9E24C8BC8F00194118 /* Build configuration list for PBXProject "UISlider" */;
			compatibilityVersion = "Xcode 9.3";
			developmentRegion = en;
			hasScannedForEncodings = 0;
			knownRegions = (
				en,
				Base,
			);
			mainGroup = 1D609A9A24C8BC8F00194118;
			productRefGroup = 1D609AA424C8BC8F00194118 /* Products */;
			projectDirPath = "";
			projectRoot = "";
			targets = (
				1D609AA224C8BC8F00194118 /* UISlider */,
			);
		};
/* End PBXProject section */

/* Begin PBXResourcesBuildPhase section */
		1D609AA124C8BC8F00194118 /* Resources */ = {
			isa = PBXResourcesBuildPhase;
			buildActionMask = 2147483647;
			files = (
				1D32254024C9F3A100AE0F8E /* pauseButtonImage.png in Resources */,
				1D609AB324C8BC9100194118 /* LaunchScreen.storyboard in Resources */,
				1D23334824C8EBD4008F1241 /* The xx - Intro.mp3 in Resources */,
				1D32254324C9F42E00AE0F8E /* infoButtonImage.png in Resources */,
				1D32254124C9F3A100AE0F8E /* playButtonImage.png in Resources */,
				1D609AB024C8BC9100194118 /* Assets.xcassets in Resources */,
			);
			runOnlyForDeploymentPostprocessing = 0;
		};
/* End PBXResourcesBuildPhase section */

/* Begin PBXSourcesBuildPhase section */
		1D609A9F24C8BC8F00194118 /* Sources */ = {
			isa = PBXSourcesBuildPhase;
			buildActionMask = 2147483647;
			files = (
				1D609AAB24C8BC9000194118 /* MainViewController.swift in Sources */,
				1D23334624C8D4E6008F1241 /* PlayerViewController.swift in Sources */,
				1D609AA724C8BC8F00194118 /* AppDelegate.swift in Sources */,
				1D18CBFA24C8C3A800D9B65D /* SettingsViewController.swift in Sources */,
			);
			runOnlyForDeploymentPostprocessing = 0;
		};
/* End PBXSourcesBuildPhase section */

/* Begin PBXVariantGroup section */
		1D609AB124C8BC9100194118 /* LaunchScreen.storyboard */ = {
			isa = PBXVariantGroup;
			children = (
				1D609AB224C8BC9100194118 /* Base */,
			);
			name = LaunchScreen.storyboard;
			sourceTree = "<group>";
		};
/* End PBXVariantGroup section */

/* Begin XCBuildConfiguration section */
		1D609AB524C8BC9100194118 /* Debug */ = {
			isa = XCBuildConfiguration;
			buildSettings = {
				ALWAYS_SEARCH_USER_PATHS = NO;
				CLANG_ANALYZER_NONNULL = YES;
				CLANG_ANALYZER_NUMBER_OBJECT_CONVERSION = YES_AGGRESSIVE;
				CLANG_CXX_LANGUAGE_STANDARD = "gnu++14";
				CLANG_CXX_LIBRARY = "libc++";
				CLANG_ENABLE_MODULES = YES;
				CLANG_ENABLE_OBJC_ARC = YES;
				CLANG_ENABLE_OBJC_WEAK = YES;
				CLANG_WARN_BLOCK_CAPTURE_AUTORELEASING = YES;
				CLANG_WARN_BOOL_CONVERSION = YES;
				CLANG_WARN_COMMA = YES;
				CLANG_WARN_CONSTANT_CONVERSION = YES;
				CLANG_WARN_DEPRECATED_OBJC_IMPLEMENTATIONS = YES;
				CLANG_WARN_DIRECT_OBJC_ISA_USAGE = YES_ERROR;
				CLANG_WARN_DOCUMENTATION_COMMENTS = YES;
				CLANG_WARN_EMPTY_BODY = YES;
				CLANG_WARN_ENUM_CONVERSION = YES;
				CLANG_WARN_INFINITE_RECURSION = YES;
				CLANG_WARN_INT_CONVERSION = YES;
				CLANG_WARN_NON_LITERAL_NULL_CONVERSION = YES;
				CLANG_WARN_OBJC_IMPLICIT_RETAIN_SELF = YES;
				CLANG_WARN_OBJC_LITERAL_CONVERSION = YES;
				CLANG_WARN_OBJC_ROOT_CLASS = YES_ERROR;
				CLANG_WARN_RANGE_LOOP_ANALYSIS = YES;
				CLANG_WARN_STRICT_PROTOTYPES = YES;
				CLANG_WARN_SUSPICIOUS_MOVE = YES;
				CLANG_WARN_UNGUARDED_AVAILABILITY = YES_AGGRESSIVE;
				CLANG_WARN_UNREACHABLE_CODE = YES;
				CLANG_WARN__DUPLICATE_METHOD_MATCH = YES;
				COPY_PHASE_STRIP = NO;
				DEBUG_INFORMATION_FORMAT = dwarf;
				ENABLE_STRICT_OBJC_MSGSEND = YES;
				ENABLE_TESTABILITY = YES;
				GCC_C_LANGUAGE_STANDARD = gnu11;
				GCC_DYNAMIC_NO_PIC = NO;
				GCC_NO_COMMON_BLOCKS = YES;
				GCC_OPTIMIZATION_LEVEL = 0;
				GCC_PREPROCESSOR_DEFINITIONS = (
					"DEBUG=1",
					"$(inherited)",
				);
				GCC_WARN_64_TO_32_BIT_CONVERSION = YES;
				GCC_WARN_ABOUT_RETURN_TYPE = YES_ERROR;
				GCC_WARN_UNDECLARED_SELECTOR = YES;
				GCC_WARN_UNINITIALIZED_AUTOS = YES_AGGRESSIVE;
				GCC_WARN_UNUSED_FUNCTION = YES;
				GCC_WARN_UNUSED_VARIABLE = YES;
				IPHONEOS_DEPLOYMENT_TARGET = 13.4;
				MTL_ENABLE_DEBUG_INFO = INCLUDE_SOURCE;
				MTL_FAST_MATH = YES;
				ONLY_ACTIVE_ARCH = YES;
				SDKROOT = iphoneos;
				SWIFT_ACTIVE_COMPILATION_CONDITIONS = DEBUG;
				SWIFT_OPTIMIZATION_LEVEL = "-Onone";
			};
			name = Debug;
		};
		1D609AB624C8BC9100194118 /* Release */ = {
			isa = XCBuildConfiguration;
			buildSettings = {
				ALWAYS_SEARCH_USER_PATHS = NO;
				CLANG_ANALYZER_NONNULL = YES;
				CLANG_ANALYZER_NUMBER_OBJECT_CONVERSION = YES_AGGRESSIVE;
				CLANG_CXX_LANGUAGE_STANDARD = "gnu++14";
				CLANG_CXX_LIBRARY = "libc++";
				CLANG_ENABLE_MODULES = YES;
				CLANG_ENABLE_OBJC_ARC = YES;
				CLANG_ENABLE_OBJC_WEAK = YES;
				CLANG_WARN_BLOCK_CAPTURE_AUTORELEASING = YES;
				CLANG_WARN_BOOL_CONVERSION = YES;
				CLANG_WARN_COMMA = YES;
				CLANG_WARN_CONSTANT_CONVERSION = YES;
				CLANG_WARN_DEPRECATED_OBJC_IMPLEMENTATIONS = YES;
				CLANG_WARN_DIRECT_OBJC_ISA_USAGE = YES_ERROR;
				CLANG_WARN_DOCUMENTATION_COMMENTS = YES;
				CLANG_WARN_EMPTY_BODY = YES;
				CLANG_WARN_ENUM_CONVERSION = YES;
				CLANG_WARN_INFINITE_RECURSION = YES;
				CLANG_WARN_INT_CONVERSION = YES;
				CLANG_WARN_NON_LITERAL_NULL_CONVERSION = YES;
				CLANG_WARN_OBJC_IMPLICIT_RETAIN_SELF = YES;
				CLANG_WARN_OBJC_LITERAL_CONVERSION = YES;
				CLANG_WARN_OBJC_ROOT_CLASS = YES_ERROR;
				CLANG_WARN_RANGE_LOOP_ANALYSIS = YES;
				CLANG_WARN_STRICT_PROTOTYPES = YES;
				CLANG_WARN_SUSPICIOUS_MOVE = YES;
				CLANG_WARN_UNGUARDED_AVAILABILITY = YES_AGGRESSIVE;
				CLANG_WARN_UNREACHABLE_CODE = YES;
				CLANG_WARN__DUPLICATE_METHOD_MATCH = YES;
				COPY_PHASE_STRIP = NO;
				DEBUG_INFORMATION_FORMAT = "dwarf-with-dsym";
				ENABLE_NS_ASSERTIONS = NO;
				ENABLE_STRICT_OBJC_MSGSEND = YES;
				GCC_C_LANGUAGE_STANDARD = gnu11;
				GCC_NO_COMMON_BLOCKS = YES;
				GCC_WARN_64_TO_32_BIT_CONVERSION = YES;
				GCC_WARN_ABOUT_RETURN_TYPE = YES_ERROR;
				GCC_WARN_UNDECLARED_SELECTOR = YES;
				GCC_WARN_UNINITIALIZED_AUTOS = YES_AGGRESSIVE;
				GCC_WARN_UNUSED_FUNCTION = YES;
				GCC_WARN_UNUSED_VARIABLE = YES;
				IPHONEOS_DEPLOYMENT_TARGET = 13.4;
				MTL_ENABLE_DEBUG_INFO = NO;
				MTL_FAST_MATH = YES;
				SDKROOT = iphoneos;
				SWIFT_COMPILATION_MODE = wholemodule;
				SWIFT_OPTIMIZATION_LEVEL = "-O";
				VALIDATE_PRODUCT = YES;
			};
			name = Release;
		};
		1D609AB824C8BC9100194118 /* Debug */ = {
			isa = XCBuildConfiguration;
			buildSettings = {
				ASSETCATALOG_COMPILER_APPICON_NAME = AppIcon;
				CODE_SIGN_STYLE = Automatic;
				INFOPLIST_FILE = UISlider/Info.plist;
				LD_RUNPATH_SEARCH_PATHS = (
					"$(inherited)",
					"@executable_path/Frameworks",
				);
				PRODUCT_BUNDLE_IDENTIFIER = AlexSmithCorp.UISlider;
				PRODUCT_NAME = "$(TARGET_NAME)";
				SWIFT_VERSION = 5.0;
				TARGETED_DEVICE_FAMILY = "1,2";
			};
			name = Debug;
		};
		1D609AB924C8BC9100194118 /* Release */ = {
			isa = XCBuildConfiguration;
			buildSettings = {
				ASSETCATALOG_COMPILER_APPICON_NAME = AppIcon;
				CODE_SIGN_STYLE = Automatic;
				INFOPLIST_FILE = UISlider/Info.plist;
				LD_RUNPATH_SEARCH_PATHS = (
					"$(inherited)",
					"@executable_path/Frameworks",
				);
				PRODUCT_BUNDLE_IDENTIFIER = AlexSmithCorp.UISlider;
				PRODUCT_NAME = "$(TARGET_NAME)";
				SWIFT_VERSION = 5.0;
				TARGETED_DEVICE_FAMILY = "1,2";
			};
			name = Release;
		};
/* End XCBuildConfiguration section */

/* Begin XCConfigurationList section */
		1D609A9E24C8BC8F00194118 /* Build configuration list for PBXProject "UISlider" */ = {
			isa = XCConfigurationList;
			buildConfigurations = (
				1D609AB524C8BC9100194118 /* Debug */,
				1D609AB624C8BC9100194118 /* Release */,
			);
			defaultConfigurationIsVisible = 0;
			defaultConfigurationName = Release;
		};
		1D609AB724C8BC9100194118 /* Build configuration list for PBXNativeTarget "UISlider" */ = {
			isa = XCConfigurationList;
			buildConfigurations = (
				1D609AB824C8BC9100194118 /* Debug */,
				1D609AB924C8BC9100194118 /* Release */,
			);
			defaultConfigurationIsVisible = 0;
			defaultConfigurationName = Release;
		};
/* End XCConfigurationList section */
	};
	rootObject = 1D609A9B24C8BC8F00194118 /* Project object */;
}
