// !$*UTF8*$!
{
	archiveVersion = 1;
	classes = {
	};
	objectVersion = 50;
	objects = {

/* Begin PBXBuildFile section */
		1D38C2FA24F2E6F700FD83D4 /* AlertController.swift in Sources */ = {isa = PBXBuildFile; fileRef = 1D38C2F924F2E6F700FD83D4 /* AlertController.swift */; };
		1D5665ED24F2950900607836 /* SecondViewController.swift in Sources */ = {isa = PBXBuildFile; fileRef = 1D5665EC24F2950900607836 /* SecondViewController.swift */; };
		1D5665EF24F2953800607836 /* ICoordinator.swift in Sources */ = {isa = PBXBuildFile; fileRef = 1D5665EE24F2953800607836 /* ICoordinator.swift */; };
		1D5665F124F295A300607836 /* Coordinator.swift in Sources */ = {isa = PBXBuildFile; fileRef = 1D5665F024F295A300607836 /* Coordinator.swift */; };
		1D5A191924F292370082AF09 /* AppDelegate.swift in Sources */ = {isa = PBXBuildFile; fileRef = 1D5A191824F292370082AF09 /* AppDelegate.swift */; };
		1D5A191D24F292370082AF09 /* FirstViewController.swift in Sources */ = {isa = PBXBuildFile; fileRef = 1D5A191C24F292370082AF09 /* FirstViewController.swift */; };
		1D5A192224F2923A0082AF09 /* Assets.xcassets in Resources */ = {isa = PBXBuildFile; fileRef = 1D5A192124F2923A0082AF09 /* Assets.xcassets */; };
		1D5A192524F2923A0082AF09 /* LaunchScreen.storyboard in Resources */ = {isa = PBXBuildFile; fileRef = 1D5A192324F2923A0082AF09 /* LaunchScreen.storyboard */; };
/* End PBXBuildFile section */

/* Begin PBXFileReference section */
		1D38C2F924F2E6F700FD83D4 /* AlertController.swift */ = {isa = PBXFileReference; lastKnownFileType = sourcecode.swift; path = AlertController.swift; sourceTree = "<group>"; };
		1D5665EC24F2950900607836 /* SecondViewController.swift */ = {isa = PBXFileReference; lastKnownFileType = sourcecode.swift; path = SecondViewController.swift; sourceTree = "<group>"; };
		1D5665EE24F2953800607836 /* ICoordinator.swift */ = {isa = PBXFileReference; lastKnownFileType = sourcecode.swift; path = ICoordinator.swift; sourceTree = "<group>"; };
		1D5665F024F295A300607836 /* Coordinator.swift */ = {isa = PBXFileReference; lastKnownFileType = sourcecode.swift; path = Coordinator.swift; sourceTree = "<group>"; };
		1D5A191524F292370082AF09 /* UIProgressView.app */ = {isa = PBXFileReference; explicitFileType = wrapper.application; includeInIndex = 0; path = UIProgressView.app; sourceTree = BUILT_PRODUCTS_DIR; };
		1D5A191824F292370082AF09 /* AppDelegate.swift */ = {isa = PBXFileReference; lastKnownFileType = sourcecode.swift; path = AppDelegate.swift; sourceTree = "<group>"; };
		1D5A191C24F292370082AF09 /* FirstViewController.swift */ = {isa = PBXFileReference; lastKnownFileType = sourcecode.swift; path = FirstViewController.swift; sourceTree = "<group>"; };
		1D5A192124F2923A0082AF09 /* Assets.xcassets */ = {isa = PBXFileReference; lastKnownFileType = folder.assetcatalog; path = Assets.xcassets; sourceTree = "<group>"; };
		1D5A192424F2923A0082AF09 /* Base */ = {isa = PBXFileReference; lastKnownFileType = file.storyboard; name = Base; path = Base.lproj/LaunchScreen.storyboard; sourceTree = "<group>"; };
		1D5A192624F2923A0082AF09 /* Info.plist */ = {isa = PBXFileReference; lastKnownFileType = text.plist.xml; path = Info.plist; sourceTree = "<group>"; };
/* End PBXFileReference section */

/* Begin PBXFrameworksBuildPhase section */
		1D5A191224F292370082AF09 /* Frameworks */ = {
			isa = PBXFrameworksBuildPhase;
			buildActionMask = 2147483647;
			files = (
			);
			runOnlyForDeploymentPostprocessing = 0;
		};
/* End PBXFrameworksBuildPhase section */

/* Begin PBXGroup section */
		1D5665E224F2939C00607836 /* Main */ = {
			isa = PBXGroup;
			children = (
				1D5665E524F293AB00607836 /* Controller */,
				1D5665E424F293A700607836 /* View */,
				1D5665E324F293A100607836 /* Model */,
			);
			path = Main;
			sourceTree = "<group>";
		};
		1D5665E324F293A100607836 /* Model */ = {
			isa = PBXGroup;
			children = (
			);
			path = Model;
			sourceTree = "<group>";
		};
		1D5665E424F293A700607836 /* View */ = {
			isa = PBXGroup;
			children = (
			);
			path = View;
			sourceTree = "<group>";
		};
		1D5665E524F293AB00607836 /* Controller */ = {
			isa = PBXGroup;
			children = (
				1D5A191C24F292370082AF09 /* FirstViewController.swift */,
				1D5665EC24F2950900607836 /* SecondViewController.swift */,
			);
			path = Controller;
			sourceTree = "<group>";
		};
		1D5665E624F293B600607836 /* Coodinator */ = {
			isa = PBXGroup;
			children = (
				1D5665EE24F2953800607836 /* ICoordinator.swift */,
				1D5665F024F295A300607836 /* Coordinator.swift */,
			);
			path = Coodinator;
			sourceTree = "<group>";
		};
		1D5665E724F293BD00607836 /* Helpers */ = {
			isa = PBXGroup;
			children = (
				1D38C2F924F2E6F700FD83D4 /* AlertController.swift */,
			);
			path = Helpers;
			sourceTree = "<group>";
		};
		1D5665E824F293C400607836 /* Supports */ = {
			isa = PBXGroup;
			children = (
				1D5A192124F2923A0082AF09 /* Assets.xcassets */,
				1D5A192624F2923A0082AF09 /* Info.plist */,
			);
			path = Supports;
			sourceTree = "<group>";
		};
		1D5665E924F293CD00607836 /* Storyboard */ = {
			isa = PBXGroup;
			children = (
				1D5A192324F2923A0082AF09 /* LaunchScreen.storyboard */,
			);
			path = Storyboard;
			sourceTree = "<group>";
		};
		1D5A190C24F292370082AF09 = {
			isa = PBXGroup;
			children = (
				1D5A191724F292370082AF09 /* UIProgressView */,
				1D5A191624F292370082AF09 /* Products */,
			);
			sourceTree = "<group>";
		};
		1D5A191624F292370082AF09 /* Products */ = {
			isa = PBXGroup;
			children = (
				1D5A191524F292370082AF09 /* UIProgressView.app */,
			);
			name = Products;
			sourceTree = "<group>";
		};
		1D5A191724F292370082AF09 /* UIProgressView */ = {
			isa = PBXGroup;
			children = (
				1D5A191824F292370082AF09 /* AppDelegate.swift */,
				1D5665E924F293CD00607836 /* Storyboard */,
				1D5665E824F293C400607836 /* Supports */,
				1D5665E724F293BD00607836 /* Helpers */,
				1D5665E624F293B600607836 /* Coodinator */,
				1D5665E224F2939C00607836 /* Main */,
			);
			path = UIProgressView;
			sourceTree = "<group>";
		};
/* End PBXGroup section */

/* Begin PBXNativeTarget section */
		1D5A191424F292370082AF09 /* UIProgressView */ = {
			isa = PBXNativeTarget;
			buildConfigurationList = 1D5A192924F2923A0082AF09 /* Build configuration list for PBXNativeTarget "UIProgressView" */;
			buildPhases = (
				1D5A191124F292370082AF09 /* Sources */,
				1D5A191224F292370082AF09 /* Frameworks */,
				1D5A191324F292370082AF09 /* Resources */,
			);
			buildRules = (
			);
			dependencies = (
			);
			name = UIProgressView;
			productName = UIProgressView;
			productReference = 1D5A191524F292370082AF09 /* UIProgressView.app */;
			productType = "com.apple.product-type.application";
		};
/* End PBXNativeTarget section */

/* Begin PBXProject section */
		1D5A190D24F292370082AF09 /* Project object */ = {
			isa = PBXProject;
			attributes = {
				LastSwiftUpdateCheck = 1140;
				LastUpgradeCheck = 1140;
				ORGANIZATIONNAME = SmithCo.;
				TargetAttributes = {
					1D5A191424F292370082AF09 = {
						CreatedOnToolsVersion = 11.4.1;
					};
				};
			};
			buildConfigurationList = 1D5A191024F292370082AF09 /* Build configuration list for PBXProject "UIProgressView" */;
			compatibilityVersion = "Xcode 9.3";
			developmentRegion = en;
			hasScannedForEncodings = 0;
			knownRegions = (
				en,
				Base,
			);
			mainGroup = 1D5A190C24F292370082AF09;
			productRefGroup = 1D5A191624F292370082AF09 /* Products */;
			projectDirPath = "";
			projectRoot = "";
			targets = (
				1D5A191424F292370082AF09 /* UIProgressView */,
			);
		};
/* End PBXProject section */

/* Begin PBXResourcesBuildPhase section */
		1D5A191324F292370082AF09 /* Resources */ = {
			isa = PBXResourcesBuildPhase;
			buildActionMask = 2147483647;
			files = (
				1D5A192524F2923A0082AF09 /* LaunchScreen.storyboard in Resources */,
				1D5A192224F2923A0082AF09 /* Assets.xcassets in Resources */,
			);
			runOnlyForDeploymentPostprocessing = 0;
		};
/* End PBXResourcesBuildPhase section */

/* Begin PBXSourcesBuildPhase section */
		1D5A191124F292370082AF09 /* Sources */ = {
			isa = PBXSourcesBuildPhase;
			buildActionMask = 2147483647;
			files = (
				1D5665ED24F2950900607836 /* SecondViewController.swift in Sources */,
				1D5A191D24F292370082AF09 /* FirstViewController.swift in Sources */,
				1D5665F124F295A300607836 /* Coordinator.swift in Sources */,
				1D5665EF24F2953800607836 /* ICoordinator.swift in Sources */,
				1D38C2FA24F2E6F700FD83D4 /* AlertController.swift in Sources */,
				1D5A191924F292370082AF09 /* AppDelegate.swift in Sources */,
			);
			runOnlyForDeploymentPostprocessing = 0;
		};
/* End PBXSourcesBuildPhase section */

/* Begin PBXVariantGroup section */
		1D5A192324F2923A0082AF09 /* LaunchScreen.storyboard */ = {
			isa = PBXVariantGroup;
			children = (
				1D5A192424F2923A0082AF09 /* Base */,
			);
			name = LaunchScreen.storyboard;
			sourceTree = "<group>";
		};
/* End PBXVariantGroup section */

/* Begin XCBuildConfiguration section */
		1D5A192724F2923A0082AF09 /* Debug */ = {
			isa = XCBuildConfiguration;
			buildSettings = {
				ALWAYS_SEARCH_USER_PATHS = NO;
				CLANG_ANALYZER_NONNULL = YES;
				CLANG_ANALYZER_NUMBER_OBJECT_CONVERSION = YES_AGGRESSIVE;
				CLANG_CXX_LANGUAGE_STANDARD = "gnu++14";
				CLANG_CXX_LIBRARY = "libc++";
				CLANG_ENABLE_MODULES = YES;
				CLANG_ENABLE_OBJC_ARC = YES;
				CLANG_ENABLE_OBJC_WEAK = YES;
				CLANG_WARN_BLOCK_CAPTURE_AUTORELEASING = YES;
				CLANG_WARN_BOOL_CONVERSION = YES;
				CLANG_WARN_COMMA = YES;
				CLANG_WARN_CONSTANT_CONVERSION = YES;
				CLANG_WARN_DEPRECATED_OBJC_IMPLEMENTATIONS = YES;
				CLANG_WARN_DIRECT_OBJC_ISA_USAGE = YES_ERROR;
				CLANG_WARN_DOCUMENTATION_COMMENTS = YES;
				CLANG_WARN_EMPTY_BODY = YES;
				CLANG_WARN_ENUM_CONVERSION = YES;
				CLANG_WARN_INFINITE_RECURSION = YES;
				CLANG_WARN_INT_CONVERSION = YES;
				CLANG_WARN_NON_LITERAL_NULL_CONVERSION = YES;
				CLANG_WARN_OBJC_IMPLICIT_RETAIN_SELF = YES;
				CLANG_WARN_OBJC_LITERAL_CONVERSION = YES;
				CLANG_WARN_OBJC_ROOT_CLASS = YES_ERROR;
				CLANG_WARN_RANGE_LOOP_ANALYSIS = YES;
				CLANG_WARN_STRICT_PROTOTYPES = YES;
				CLANG_WARN_SUSPICIOUS_MOVE = YES;
				CLANG_WARN_UNGUARDED_AVAILABILITY = YES_AGGRESSIVE;
				CLANG_WARN_UNREACHABLE_CODE = YES;
				CLANG_WARN__DUPLICATE_METHOD_MATCH = YES;
				COPY_PHASE_STRIP = NO;
				DEBUG_INFORMATION_FORMAT = dwarf;
				ENABLE_STRICT_OBJC_MSGSEND = YES;
				ENABLE_TESTABILITY = YES;
				GCC_C_LANGUAGE_STANDARD = gnu11;
				GCC_DYNAMIC_NO_PIC = NO;
				GCC_NO_COMMON_BLOCKS = YES;
				GCC_OPTIMIZATION_LEVEL = 0;
				GCC_PREPROCESSOR_DEFINITIONS = (
					"DEBUG=1",
					"$(inherited)",
				);
				GCC_WARN_64_TO_32_BIT_CONVERSION = YES;
				GCC_WARN_ABOUT_RETURN_TYPE = YES_ERROR;
				GCC_WARN_UNDECLARED_SELECTOR = YES;
				GCC_WARN_UNINITIALIZED_AUTOS = YES_AGGRESSIVE;
				GCC_WARN_UNUSED_FUNCTION = YES;
				GCC_WARN_UNUSED_VARIABLE = YES;
				IPHONEOS_DEPLOYMENT_TARGET = 13.4;
				MTL_ENABLE_DEBUG_INFO = INCLUDE_SOURCE;
				MTL_FAST_MATH = YES;
				ONLY_ACTIVE_ARCH = YES;
				SDKROOT = iphoneos;
				SWIFT_ACTIVE_COMPILATION_CONDITIONS = DEBUG;
				SWIFT_OPTIMIZATION_LEVEL = "-Onone";
			};
			name = Debug;
		};
		1D5A192824F2923A0082AF09 /* Release */ = {
			isa = XCBuildConfiguration;
			buildSettings = {
				ALWAYS_SEARCH_USER_PATHS = NO;
				CLANG_ANALYZER_NONNULL = YES;
				CLANG_ANALYZER_NUMBER_OBJECT_CONVERSION = YES_AGGRESSIVE;
				CLANG_CXX_LANGUAGE_STANDARD = "gnu++14";
				CLANG_CXX_LIBRARY = "libc++";
				CLANG_ENABLE_MODULES = YES;
				CLANG_ENABLE_OBJC_ARC = YES;
				CLANG_ENABLE_OBJC_WEAK = YES;
				CLANG_WARN_BLOCK_CAPTURE_AUTORELEASING = YES;
				CLANG_WARN_BOOL_CONVERSION = YES;
				CLANG_WARN_COMMA = YES;
				CLANG_WARN_CONSTANT_CONVERSION = YES;
				CLANG_WARN_DEPRECATED_OBJC_IMPLEMENTATIONS = YES;
				CLANG_WARN_DIRECT_OBJC_ISA_USAGE = YES_ERROR;
				CLANG_WARN_DOCUMENTATION_COMMENTS = YES;
				CLANG_WARN_EMPTY_BODY = YES;
				CLANG_WARN_ENUM_CONVERSION = YES;
				CLANG_WARN_INFINITE_RECURSION = YES;
				CLANG_WARN_INT_CONVERSION = YES;
				CLANG_WARN_NON_LITERAL_NULL_CONVERSION = YES;
				CLANG_WARN_OBJC_IMPLICIT_RETAIN_SELF = YES;
				CLANG_WARN_OBJC_LITERAL_CONVERSION = YES;
				CLANG_WARN_OBJC_ROOT_CLASS = YES_ERROR;
				CLANG_WARN_RANGE_LOOP_ANALYSIS = YES;
				CLANG_WARN_STRICT_PROTOTYPES = YES;
				CLANG_WARN_SUSPICIOUS_MOVE = YES;
				CLANG_WARN_UNGUARDED_AVAILABILITY = YES_AGGRESSIVE;
				CLANG_WARN_UNREACHABLE_CODE = YES;
				CLANG_WARN__DUPLICATE_METHOD_MATCH = YES;
				COPY_PHASE_STRIP = NO;
				DEBUG_INFORMATION_FORMAT = "dwarf-with-dsym";
				ENABLE_NS_ASSERTIONS = NO;
				ENABLE_STRICT_OBJC_MSGSEND = YES;
				GCC_C_LANGUAGE_STANDARD = gnu11;
				GCC_NO_COMMON_BLOCKS = YES;
				GCC_WARN_64_TO_32_BIT_CONVERSION = YES;
				GCC_WARN_ABOUT_RETURN_TYPE = YES_ERROR;
				GCC_WARN_UNDECLARED_SELECTOR = YES;
				GCC_WARN_UNINITIALIZED_AUTOS = YES_AGGRESSIVE;
				GCC_WARN_UNUSED_FUNCTION = YES;
				GCC_WARN_UNUSED_VARIABLE = YES;
				IPHONEOS_DEPLOYMENT_TARGET = 13.4;
				MTL_ENABLE_DEBUG_INFO = NO;
				MTL_FAST_MATH = YES;
				SDKROOT = iphoneos;
				SWIFT_COMPILATION_MODE = wholemodule;
				SWIFT_OPTIMIZATION_LEVEL = "-O";
				VALIDATE_PRODUCT = YES;
			};
			name = Release;
		};
		1D5A192A24F2923A0082AF09 /* Debug */ = {
			isa = XCBuildConfiguration;
			buildSettings = {
				ASSETCATALOG_COMPILER_APPICON_NAME = AppIcon;
				CODE_SIGN_STYLE = Automatic;
				INFOPLIST_FILE = UIProgressView/Supports/Info.plist;
				LD_RUNPATH_SEARCH_PATHS = (
					"$(inherited)",
					"@executable_path/Frameworks",
				);
				PRODUCT_BUNDLE_IDENTIFIER = AlexSmithCorp.UIProgressView;
				PRODUCT_NAME = "$(TARGET_NAME)";
				SWIFT_VERSION = 5.0;
				TARGETED_DEVICE_FAMILY = "1,2";
			};
			name = Debug;
		};
		1D5A192B24F2923A0082AF09 /* Release */ = {
			isa = XCBuildConfiguration;
			buildSettings = {
				ASSETCATALOG_COMPILER_APPICON_NAME = AppIcon;
				CODE_SIGN_STYLE = Automatic;
				INFOPLIST_FILE = UIProgressView/Supports/Info.plist;
				LD_RUNPATH_SEARCH_PATHS = (
					"$(inherited)",
					"@executable_path/Frameworks",
				);
				PRODUCT_BUNDLE_IDENTIFIER = AlexSmithCorp.UIProgressView;
				PRODUCT_NAME = "$(TARGET_NAME)";
				SWIFT_VERSION = 5.0;
				TARGETED_DEVICE_FAMILY = "1,2";
			};
			name = Release;
		};
/* End XCBuildConfiguration section */

/* Begin XCConfigurationList section */
		1D5A191024F292370082AF09 /* Build configuration list for PBXProject "UIProgressView" */ = {
			isa = XCConfigurationList;
			buildConfigurations = (
				1D5A192724F2923A0082AF09 /* Debug */,
				1D5A192824F2923A0082AF09 /* Release */,
			);
			defaultConfigurationIsVisible = 0;
			defaultConfigurationName = Release;
		};
		1D5A192924F2923A0082AF09 /* Build configuration list for PBXNativeTarget "UIProgressView" */ = {
			isa = XCConfigurationList;
			buildConfigurations = (
				1D5A192A24F2923A0082AF09 /* Debug */,
				1D5A192B24F2923A0082AF09 /* Release */,
			);
			defaultConfigurationIsVisible = 0;
			defaultConfigurationName = Release;
		};
/* End XCConfigurationList section */
	};
	rootObject = 1D5A190D24F292370082AF09 /* Project object */;
}
